Microsoft Visual Studio Solution File, Format Version 12.00
# Visual Studio 2012
Project("{FAE04EC0-301F-11D3-BF4B-00C04F79EFBC}") = "DodgeTutorial", "DodgeTutorial.csproj", "{EA4DC803-5C99-4597-9F18-DB1F6F9CEF8D}"
EndProject
Global
	GlobalSection(SolutionConfigurationPlatforms) = preSolution
	Debug|Any CPU = Debug|Any CPU
	ExportDebug|Any CPU = ExportDebug|Any CPU
	ExportRelease|Any CPU = ExportRelease|Any CPU
	EndGlobalSection
	GlobalSection(ProjectConfigurationPlatforms) = postSolution
		{EA4DC803-5C99-4597-9F18-DB1F6F9CEF8D}.Debug|Any CPU.ActiveCfg = Debug|Any CPU
		{EA4DC803-5C99-4597-9F18-DB1F6F9CEF8D}.Debug|Any CPU.Build.0 = Debug|Any CPU
		{EA4DC803-5C99-4597-9F18-DB1F6F9CEF8D}.ExportDebug|Any CPU.ActiveCfg = ExportDebug|Any CPU
		{EA4DC803-5C99-4597-9F18-DB1F6F9CEF8D}.ExportDebug|Any CPU.Build.0 = ExportDebug|Any CPU
		{EA4DC803-5C99-4597-9F18-DB1F6F9CEF8D}.ExportRelease|Any CPU.ActiveCfg = ExportRelease|Any CPU
		{EA4DC803-5C99-4597-9F18-DB1F6F9CEF8D}.ExportRelease|Any CPU.Build.0 = ExportRelease|Any CPU
	EndGlobalSection
EndGlobal
